
Microsoft Visual Studio Solution File, Format Version 12.00
# Visual Studio 2013
VisualStudioVersion = 12.0.30501.0
MinimumVisualStudioVersion = 10.0.40219.1
Project("{FAE04EC0-301F-11D3-BF4B-00C04F79EFBC}") = "JarvisRobot", "Jarvis\JarvisRobot.csproj", "{B0255E41-6F4D-4F31-A8BF-0DECFF9FBAED}"
EndProject
Global
	GlobalSection(SolutionConfigurationPlatforms) = preSolution
		Debug|Any CPU = Debug|Any CPU
		Release|Any CPU = Release|Any CPU
	EndGlobalSection
	GlobalSection(ProjectConfigurationPlatforms) = postSolution
		{B0255E41-6F4D-4F31-A8BF-0DECFF9FBAED}.Debug|Any CPU.ActiveCfg = Debug|Any CPU
		{B0255E41-6F4D-4F31-A8BF-0DECFF9FBAED}.Debug|Any CPU.Build.0 = Debug|Any CPU
		{B0255E41-6F4D-4F31-A8BF-0DECFF9FBAED}.Release|Any CPU.ActiveCfg = Release|Any CPU
		{B0255E41-6F4D-4F31-A8BF-0DECFF9FBAED}.Release|Any CPU.Build.0 = Release|Any CPU
	EndGlobalSection
	GlobalSection(SolutionProperties) = preSolution
		HideSolutionNode = FALSE
	EndGlobalSection
EndGlobal
